
Microsoft Visual Studio Solution File, Format Version 12.00
# Visual Studio Version 17
VisualStudioVersion = 17.10.34928.147
MinimumVisualStudioVersion = 10.0.40219.1
Project("{9A19103F-16F7-4668-BE54-9A1E7A4F7556}") = "web-app-performance", "web-app-performance\web-app-performance.csproj", "{1790880C-43BC-4FA1-8DA7-14A9A10E7D84}"
EndProject
Project("{FAE04EC0-301F-11D3-BF4B-00C04F79EFBC}") = "web-app-repository", "web-app-repository\web-app-repository.csproj", "{2F92FC61-53D9-4E12-966D-7925B1A2C961}"
EndProject
Project("{FAE04EC0-301F-11D3-BF4B-00C04F79EFBC}") = "web-app-domain", "web-app-domain\web-app-domain.csproj", "{8A7999CE-C9BA-4298-8B02-AF3C2AF57D01}"
EndProject
Global
	GlobalSection(SolutionConfigurationPlatforms) = preSolution
		Debug|Any CPU = Debug|Any CPU
		Release|Any CPU = Release|Any CPU
	EndGlobalSection
	GlobalSection(ProjectConfigurationPlatforms) = postSolution
		{1790880C-43BC-4FA1-8DA7-14A9A10E7D84}.Debug|Any CPU.ActiveCfg = Debug|Any CPU
		{1790880C-43BC-4FA1-8DA7-14A9A10E7D84}.Debug|Any CPU.Build.0 = Debug|Any CPU
		{1790880C-43BC-4FA1-8DA7-14A9A10E7D84}.Release|Any CPU.ActiveCfg = Release|Any CPU
		{1790880C-43BC-4FA1-8DA7-14A9A10E7D84}.Release|Any CPU.Build.0 = Release|Any CPU
		{2F92FC61-53D9-4E12-966D-7925B1A2C961}.Debug|Any CPU.ActiveCfg = Debug|Any CPU
		{2F92FC61-53D9-4E12-966D-7925B1A2C961}.Debug|Any CPU.Build.0 = Debug|Any CPU
		{2F92FC61-53D9-4E12-966D-7925B1A2C961}.Release|Any CPU.ActiveCfg = Release|Any CPU
		{2F92FC61-53D9-4E12-966D-7925B1A2C961}.Release|Any CPU.Build.0 = Release|Any CPU
		{8A7999CE-C9BA-4298-8B02-AF3C2AF57D01}.Debug|Any CPU.ActiveCfg = Debug|Any CPU
		{8A7999CE-C9BA-4298-8B02-AF3C2AF57D01}.Debug|Any CPU.Build.0 = Debug|Any CPU
		{8A7999CE-C9BA-4298-8B02-AF3C2AF57D01}.Release|Any CPU.ActiveCfg = Release|Any CPU
		{8A7999CE-C9BA-4298-8B02-AF3C2AF57D01}.Release|Any CPU.Build.0 = Release|Any CPU
	EndGlobalSection
	GlobalSection(SolutionProperties) = preSolution
		HideSolutionNode = FALSE
	EndGlobalSection
	GlobalSection(ExtensibilityGlobals) = postSolution
		SolutionGuid = {A0FF02AD-543A-4B5F-816F-A4AB54AFA767}
	EndGlobalSection
EndGlobal
